
Microsoft Visual Studio Solution File, Format Version 12.00
# Visual Studio Version 16
VisualStudioVersion = 16.0.30907.101
MinimumVisualStudioVersion = 10.0.40219.1
Project("{FAE04EC0-301F-11D3-BF4B-00C04F79EFBC}") = "WebApplication1", "WebApplication1\WebApplication1.csproj", "{A1A2F19D-9397-466D-8021-09D647198DB1}"
EndProject
Global
	GlobalSection(SolutionConfigurationPlatforms) = preSolution
		Debug|Any CPU = Debug|Any CPU
		Release|Any CPU = Release|Any CPU
	EndGlobalSection
	GlobalSection(ProjectConfigurationPlatforms) = postSolution
		{A1A2F19D-9397-466D-8021-09D647198DB1}.Debug|Any CPU.ActiveCfg = Debug|Any CPU
		{A1A2F19D-9397-466D-8021-09D647198DB1}.Debug|Any CPU.Build.0 = Debug|Any CPU
		{A1A2F19D-9397-466D-8021-09D647198DB1}.Release|Any CPU.ActiveCfg = Release|Any CPU
		{A1A2F19D-9397-466D-8021-09D647198DB1}.Release|Any CPU.Build.0 = Release|Any CPU
	EndGlobalSection
	GlobalSection(SolutionProperties) = preSolution
		HideSolutionNode = FALSE
	EndGlobalSection
	GlobalSection(ExtensibilityGlobals) = postSolution
		SolutionGuid = {4E4DEE47-054D-4E88-8737-9BA3DB1780EF}
	EndGlobalSection
EndGlobal
